
Microsoft Visual Studio Solution File, Format Version 12.00
# Visual Studio Version 16
VisualStudioVersion = 16.0.30128.74
MinimumVisualStudioVersion = 10.0.40219.1
Project("{FAE04EC0-301F-11D3-BF4B-00C04F79EFBC}") = "Teste1", "Teste1\Teste1.csproj", "{B533DE4B-03C4-465A-9C12-927703A5530F}"
EndProject
Global
	GlobalSection(SolutionConfigurationPlatforms) = preSolution
		Debug|Any CPU = Debug|Any CPU
		Release|Any CPU = Release|Any CPU
	EndGlobalSection
	GlobalSection(ProjectConfigurationPlatforms) = postSolution
		{B533DE4B-03C4-465A-9C12-927703A5530F}.Debug|Any CPU.ActiveCfg = Debug|Any CPU
		{B533DE4B-03C4-465A-9C12-927703A5530F}.Debug|Any CPU.Build.0 = Debug|Any CPU
		{B533DE4B-03C4-465A-9C12-927703A5530F}.Release|Any CPU.ActiveCfg = Release|Any CPU
		{B533DE4B-03C4-465A-9C12-927703A5530F}.Release|Any CPU.Build.0 = Release|Any CPU
	EndGlobalSection
	GlobalSection(SolutionProperties) = preSolution
		HideSolutionNode = FALSE
	EndGlobalSection
	GlobalSection(ExtensibilityGlobals) = postSolution
		SolutionGuid = {FF235D4A-7CEB-45ED-B232-EBDAE931952A}
	EndGlobalSection
EndGlobal
